// !$*UTF8*$!
{
	archiveVersion = 1;
	classes = {
	};
	objectVersion = 50;
	objects = {

/* Begin PBXBuildFile section */
		0203B42B24FE398F0063A2DA /* FruitView.model.swift in Sources */ = {isa = PBXBuildFile; fileRef = 0203B42A24FE398F0063A2DA /* FruitView.model.swift */; };
		0203B42C24FE398F0063A2DA /* FruitView.model.swift in Sources */ = {isa = PBXBuildFile; fileRef = 0203B42A24FE398F0063A2DA /* FruitView.model.swift */; };
		02801C1024F69E3000D609CC /* Model.swift in Sources */ = {isa = PBXBuildFile; fileRef = 02801C0F24F69E3000D609CC /* Model.swift */; };
		02801C1124F69E3000D609CC /* Model.swift in Sources */ = {isa = PBXBuildFile; fileRef = 02801C0F24F69E3000D609CC /* Model.swift */; };
		02CE668124FD3AAA000BF7E8 /* FruitView.swift in Sources */ = {isa = PBXBuildFile; fileRef = 02CE668024FD3AAA000BF7E8 /* FruitView.swift */; };
		02CE668224FD3AAA000BF7E8 /* FruitView.swift in Sources */ = {isa = PBXBuildFile; fileRef = 02CE668024FD3AAA000BF7E8 /* FruitView.swift */; };
		02E2525A24F66FAC00A9DB08 /* SODAClientApp.swift in Sources */ = {isa = PBXBuildFile; fileRef = 02E2524724F66FA700A9DB08 /* SODAClientApp.swift */; };
		02E2525B24F66FAC00A9DB08 /* SODAClientApp.swift in Sources */ = {isa = PBXBuildFile; fileRef = 02E2524724F66FA700A9DB08 /* SODAClientApp.swift */; };
		02E2525C24F66FAC00A9DB08 /* ContentView.swift in Sources */ = {isa = PBXBuildFile; fileRef = 02E2524824F66FA700A9DB08 /* ContentView.swift */; };
		02E2525D24F66FAC00A9DB08 /* ContentView.swift in Sources */ = {isa = PBXBuildFile; fileRef = 02E2524824F66FA700A9DB08 /* ContentView.swift */; };
		02E2525E24F66FAC00A9DB08 /* Assets.xcassets in Resources */ = {isa = PBXBuildFile; fileRef = 02E2524924F66FAC00A9DB08 /* Assets.xcassets */; };
		02E2525F24F66FAC00A9DB08 /* Assets.xcassets in Resources */ = {isa = PBXBuildFile; fileRef = 02E2524924F66FAC00A9DB08 /* Assets.xcassets */; };
		02E2526924F6703100A9DB08 /* Agent.swift in Sources */ = {isa = PBXBuildFile; fileRef = 02E2526824F6703100A9DB08 /* Agent.swift */; };
		02E2526A24F6703100A9DB08 /* Agent.swift in Sources */ = {isa = PBXBuildFile; fileRef = 02E2526824F6703100A9DB08 /* Agent.swift */; };
		02E2526D24F6716D00A9DB08 /* SODA.swift in Sources */ = {isa = PBXBuildFile; fileRef = 02E2526C24F6716D00A9DB08 /* SODA.swift */; };
		02E2526E24F6716D00A9DB08 /* SODA.swift in Sources */ = {isa = PBXBuildFile; fileRef = 02E2526C24F6716D00A9DB08 /* SODA.swift */; };
		02E2527024F6914B00A9DB08 /* DataStore.swift in Sources */ = {isa = PBXBuildFile; fileRef = 02E2526F24F6914B00A9DB08 /* DataStore.swift */; };
		02E2527124F6914B00A9DB08 /* DataStore.swift in Sources */ = {isa = PBXBuildFile; fileRef = 02E2526F24F6914B00A9DB08 /* DataStore.swift */; };
/* End PBXBuildFile section */

/* Begin PBXFileReference section */
		0203B42A24FE398F0063A2DA /* FruitView.model.swift */ = {isa = PBXFileReference; lastKnownFileType = sourcecode.swift; path = FruitView.model.swift; sourceTree = "<group>"; };
		02801C0F24F69E3000D609CC /* Model.swift */ = {isa = PBXFileReference; lastKnownFileType = sourcecode.swift; path = Model.swift; sourceTree = "<group>"; };
		02CE668024FD3AAA000BF7E8 /* FruitView.swift */ = {isa = PBXFileReference; lastKnownFileType = sourcecode.swift; path = FruitView.swift; sourceTree = "<group>"; };
		02E2524724F66FA700A9DB08 /* SODAClientApp.swift */ = {isa = PBXFileReference; lastKnownFileType = sourcecode.swift; path = SODAClientApp.swift; sourceTree = "<group>"; };
		02E2524824F66FA700A9DB08 /* ContentView.swift */ = {isa = PBXFileReference; lastKnownFileType = sourcecode.swift; path = ContentView.swift; sourceTree = "<group>"; };
		02E2524924F66FAC00A9DB08 /* Assets.xcassets */ = {isa = PBXFileReference; lastKnownFileType = folder.assetcatalog; path = Assets.xcassets; sourceTree = "<group>"; };
		02E2524E24F66FAC00A9DB08 /* SODA Client.app */ = {isa = PBXFileReference; explicitFileType = wrapper.application; includeInIndex = 0; path = "SODA Client.app"; sourceTree = BUILT_PRODUCTS_DIR; };
		02E2525124F66FAC00A9DB08 /* Info.plist */ = {isa = PBXFileReference; lastKnownFileType = text.plist.xml; path = Info.plist; sourceTree = "<group>"; };
		02E2525624F66FAC00A9DB08 /* SODA Client.app */ = {isa = PBXFileReference; explicitFileType = wrapper.application; includeInIndex = 0; path = "SODA Client.app"; sourceTree = BUILT_PRODUCTS_DIR; };
		02E2525824F66FAC00A9DB08 /* Info.plist */ = {isa = PBXFileReference; lastKnownFileType = text.plist.xml; path = Info.plist; sourceTree = "<group>"; };
		02E2525924F66FAC00A9DB08 /* macOS.entitlements */ = {isa = PBXFileReference; lastKnownFileType = text.plist.entitlements; path = macOS.entitlements; sourceTree = "<group>"; };
		02E2526824F6703100A9DB08 /* Agent.swift */ = {isa = PBXFileReference; lastKnownFileType = sourcecode.swift; path = Agent.swift; sourceTree = "<group>"; };
		02E2526C24F6716D00A9DB08 /* SODA.swift */ = {isa = PBXFileReference; lastKnownFileType = sourcecode.swift; path = SODA.swift; sourceTree = "<group>"; };
		02E2526F24F6914B00A9DB08 /* DataStore.swift */ = {isa = PBXFileReference; lastKnownFileType = sourcecode.swift; path = DataStore.swift; sourceTree = "<group>"; };
/* End PBXFileReference section */

/* Begin PBXFrameworksBuildPhase section */
		02E2524B24F66FAC00A9DB08 /* Frameworks */ = {
			isa = PBXFrameworksBuildPhase;
			buildActionMask = 2147483647;
			files = (
			);
			runOnlyForDeploymentPostprocessing = 0;
		};
		02E2525324F66FAC00A9DB08 /* Frameworks */ = {
			isa = PBXFrameworksBuildPhase;
			buildActionMask = 2147483647;
			files = (
			);
			runOnlyForDeploymentPostprocessing = 0;
		};
/* End PBXFrameworksBuildPhase section */

/* Begin PBXGroup section */
		02801C0E24F69E1300D609CC /* API */ = {
			isa = PBXGroup;
			children = (
				02E2526824F6703100A9DB08 /* Agent.swift */,
				02E2526C24F6716D00A9DB08 /* SODA.swift */,
			);
			path = API;
			sourceTree = "<group>";
		};
		02801C1224F69E7D00D609CC /* Views */ = {
			isa = PBXGroup;
			children = (
				02E2524724F66FA700A9DB08 /* SODAClientApp.swift */,
				02E2524824F66FA700A9DB08 /* ContentView.swift */,
				02CE668024FD3AAA000BF7E8 /* FruitView.swift */,
				0203B42A24FE398F0063A2DA /* FruitView.model.swift */,
			);
			path = Views;
			sourceTree = "<group>";
		};
		02E2524124F66FA700A9DB08 = {
			isa = PBXGroup;
			children = (
				02E2524624F66FA700A9DB08 /* Shared */,
				02E2525024F66FAC00A9DB08 /* iOS */,
				02E2525724F66FAC00A9DB08 /* macOS */,
				02E2524F24F66FAC00A9DB08 /* Products */,
			);
			sourceTree = "<group>";
		};
		02E2524624F66FA700A9DB08 /* Shared */ = {
			isa = PBXGroup;
			children = (
				02801C0E24F69E1300D609CC /* API */,
				02E2526B24F6712600A9DB08 /* Model */,
				02801C1224F69E7D00D609CC /* Views */,
				02E2524924F66FAC00A9DB08 /* Assets.xcassets */,
			);
			path = Shared;
			sourceTree = "<group>";
		};
		02E2524F24F66FAC00A9DB08 /* Products */ = {
			isa = PBXGroup;
			children = (
				02E2524E24F66FAC00A9DB08 /* SODA Client.app */,
				02E2525624F66FAC00A9DB08 /* SODA Client.app */,
			);
			name = Products;
			sourceTree = "<group>";
		};
		02E2525024F66FAC00A9DB08 /* iOS */ = {
			isa = PBXGroup;
			children = (
				02E2525124F66FAC00A9DB08 /* Info.plist */,
			);
			path = iOS;
			sourceTree = "<group>";
		};
		02E2525724F66FAC00A9DB08 /* macOS */ = {
			isa = PBXGroup;
			children = (
				02E2525824F66FAC00A9DB08 /* Info.plist */,
				02E2525924F66FAC00A9DB08 /* macOS.entitlements */,
			);
			path = macOS;
			sourceTree = "<group>";
		};
		02E2526B24F6712600A9DB08 /* Model */ = {
			isa = PBXGroup;
			children = (
				02E2526F24F6914B00A9DB08 /* DataStore.swift */,
				02801C0F24F69E3000D609CC /* Model.swift */,
			);
			path = Model;
			sourceTree = "<group>";
		};
/* End PBXGroup section */

/* Begin PBXNativeTarget section */
		02E2524D24F66FAC00A9DB08 /* SODA Client (iOS) */ = {
			isa = PBXNativeTarget;
			buildConfigurationList = 02E2526224F66FAC00A9DB08 /* Build configuration list for PBXNativeTarget "SODA Client (iOS)" */;
			buildPhases = (
				02E2524A24F66FAC00A9DB08 /* Sources */,
				02E2524B24F66FAC00A9DB08 /* Frameworks */,
				02E2524C24F66FAC00A9DB08 /* Resources */,
			);
			buildRules = (
			);
			dependencies = (
			);
			name = "SODA Client (iOS)";
			productName = "ATP Client (iOS)";
			productReference = 02E2524E24F66FAC00A9DB08 /* SODA Client.app */;
			productType = "com.apple.product-type.application";
		};
		02E2525524F66FAC00A9DB08 /* SODA Client (macOS) */ = {
			isa = PBXNativeTarget;
			buildConfigurationList = 02E2526524F66FAC00A9DB08 /* Build configuration list for PBXNativeTarget "SODA Client (macOS)" */;
			buildPhases = (
				02E2525224F66FAC00A9DB08 /* Sources */,
				02E2525324F66FAC00A9DB08 /* Frameworks */,
				02E2525424F66FAC00A9DB08 /* Resources */,
			);
			buildRules = (
			);
			dependencies = (
			);
			name = "SODA Client (macOS)";
			productName = "ATP Client (macOS)";
			productReference = 02E2525624F66FAC00A9DB08 /* SODA Client.app */;
			productType = "com.apple.product-type.application";
		};
/* End PBXNativeTarget section */

/* Begin PBXProject section */
		02E2524224F66FA700A9DB08 /* Project object */ = {
			isa = PBXProject;
			attributes = {
				LastSwiftUpdateCheck = 1200;
				LastUpgradeCheck = 1200;
				TargetAttributes = {
					02E2524D24F66FAC00A9DB08 = {
						CreatedOnToolsVersion = 12.0;
					};
					02E2525524F66FAC00A9DB08 = {
						CreatedOnToolsVersion = 12.0;
					};
				};
			};
			buildConfigurationList = 02E2524524F66FA700A9DB08 /* Build configuration list for PBXProject "SODA Client" */;
			compatibilityVersion = "Xcode 9.3";
			developmentRegion = en;
			hasScannedForEncodings = 0;
			knownRegions = (
				en,
				Base,
			);
			mainGroup = 02E2524124F66FA700A9DB08;
			productRefGroup = 02E2524F24F66FAC00A9DB08 /* Products */;
			projectDirPath = "";
			projectRoot = "";
			targets = (
				02E2524D24F66FAC00A9DB08 /* SODA Client (iOS) */,
				02E2525524F66FAC00A9DB08 /* SODA Client (macOS) */,
			);
		};
/* End PBXProject section */

/* Begin PBXResourcesBuildPhase section */
		02E2524C24F66FAC00A9DB08 /* Resources */ = {
			isa = PBXResourcesBuildPhase;
			buildActionMask = 2147483647;
			files = (
				02E2525E24F66FAC00A9DB08 /* Assets.xcassets in Resources */,
			);
			runOnlyForDeploymentPostprocessing = 0;
		};
		02E2525424F66FAC00A9DB08 /* Resources */ = {
			isa = PBXResourcesBuildPhase;
			buildActionMask = 2147483647;
			files = (
				02E2525F24F66FAC00A9DB08 /* Assets.xcassets in Resources */,
			);
			runOnlyForDeploymentPostprocessing = 0;
		};
/* End PBXResourcesBuildPhase section */

/* Begin PBXSourcesBuildPhase section */
		02E2524A24F66FAC00A9DB08 /* Sources */ = {
			isa = PBXSourcesBuildPhase;
			buildActionMask = 2147483647;
			files = (
				02E2527024F6914B00A9DB08 /* DataStore.swift in Sources */,
				02E2526924F6703100A9DB08 /* Agent.swift in Sources */,
				02E2525C24F66FAC00A9DB08 /* ContentView.swift in Sources */,
				02801C1024F69E3000D609CC /* Model.swift in Sources */,
				0203B42B24FE398F0063A2DA /* FruitView.model.swift in Sources */,
				02E2526D24F6716D00A9DB08 /* SODA.swift in Sources */,
				02E2525A24F66FAC00A9DB08 /* SODAClientApp.swift in Sources */,
				02CE668124FD3AAA000BF7E8 /* FruitView.swift in Sources */,
			);
			runOnlyForDeploymentPostprocessing = 0;
		};
		02E2525224F66FAC00A9DB08 /* Sources */ = {
			isa = PBXSourcesBuildPhase;
			buildActionMask = 2147483647;
			files = (
				02E2527124F6914B00A9DB08 /* DataStore.swift in Sources */,
				02E2526A24F6703100A9DB08 /* Agent.swift in Sources */,
				02E2525D24F66FAC00A9DB08 /* ContentView.swift in Sources */,
				02801C1124F69E3000D609CC /* Model.swift in Sources */,
				0203B42C24FE398F0063A2DA /* FruitView.model.swift in Sources */,
				02E2526E24F6716D00A9DB08 /* SODA.swift in Sources */,
				02E2525B24F66FAC00A9DB08 /* SODAClientApp.swift in Sources */,
				02CE668224FD3AAA000BF7E8 /* FruitView.swift in Sources */,
			);
			runOnlyForDeploymentPostprocessing = 0;
		};
/* End PBXSourcesBuildPhase section */

/* Begin XCBuildConfiguration section */
		02E2526024F66FAC00A9DB08 /* Debug */ = {
			isa = XCBuildConfiguration;
			buildSettings = {
				ALWAYS_SEARCH_USER_PATHS = NO;
				CLANG_ANALYZER_NONNULL = YES;
				CLANG_ANALYZER_NUMBER_OBJECT_CONVERSION = YES_AGGRESSIVE;
				CLANG_CXX_LANGUAGE_STANDARD = "gnu++14";
				CLANG_CXX_LIBRARY = "libc++";
				CLANG_ENABLE_MODULES = YES;
				CLANG_ENABLE_OBJC_ARC = YES;
				CLANG_ENABLE_OBJC_WEAK = YES;
				CLANG_WARN_BLOCK_CAPTURE_AUTORELEASING = YES;
				CLANG_WARN_BOOL_CONVERSION = YES;
				CLANG_WARN_COMMA = YES;
				CLANG_WARN_CONSTANT_CONVERSION = YES;
				CLANG_WARN_DEPRECATED_OBJC_IMPLEMENTATIONS = YES;
				CLANG_WARN_DIRECT_OBJC_ISA_USAGE = YES_ERROR;
				CLANG_WARN_DOCUMENTATION_COMMENTS = YES;
				CLANG_WARN_EMPTY_BODY = YES;
				CLANG_WARN_ENUM_CONVERSION = YES;
				CLANG_WARN_INFINITE_RECURSION = YES;
				CLANG_WARN_INT_CONVERSION = YES;
				CLANG_WARN_NON_LITERAL_NULL_CONVERSION = YES;
				CLANG_WARN_OBJC_IMPLICIT_RETAIN_SELF = YES;
				CLANG_WARN_OBJC_LITERAL_CONVERSION = YES;
				CLANG_WARN_OBJC_ROOT_CLASS = YES_ERROR;
				CLANG_WARN_QUOTED_INCLUDE_IN_FRAMEWORK_HEADER = YES;
				CLANG_WARN_RANGE_LOOP_ANALYSIS = YES;
				CLANG_WARN_STRICT_PROTOTYPES = YES;
				CLANG_WARN_SUSPICIOUS_MOVE = YES;
				CLANG_WARN_UNGUARDED_AVAILABILITY = YES_AGGRESSIVE;
				CLANG_WARN_UNREACHABLE_CODE = YES;
				CLANG_WARN__DUPLICATE_METHOD_MATCH = YES;
				COPY_PHASE_STRIP = NO;
				DEBUG_INFORMATION_FORMAT = dwarf;
				ENABLE_STRICT_OBJC_MSGSEND = YES;
				ENABLE_TESTABILITY = YES;
				GCC_C_LANGUAGE_STANDARD = gnu11;
				GCC_DYNAMIC_NO_PIC = NO;
				GCC_NO_COMMON_BLOCKS = YES;
				GCC_OPTIMIZATION_LEVEL = 0;
				GCC_PREPROCESSOR_DEFINITIONS = (
					"DEBUG=1",
					"$(inherited)",
				);
				GCC_WARN_64_TO_32_BIT_CONVERSION = YES;
				GCC_WARN_ABOUT_RETURN_TYPE = YES_ERROR;
				GCC_WARN_UNDECLARED_SELECTOR = YES;
				GCC_WARN_UNINITIALIZED_AUTOS = YES_AGGRESSIVE;
				GCC_WARN_UNUSED_FUNCTION = YES;
				GCC_WARN_UNUSED_VARIABLE = YES;
				MTL_ENABLE_DEBUG_INFO = INCLUDE_SOURCE;
				MTL_FAST_MATH = YES;
				ONLY_ACTIVE_ARCH = YES;
				SWIFT_ACTIVE_COMPILATION_CONDITIONS = DEBUG;
				SWIFT_OPTIMIZATION_LEVEL = "-Onone";
			};
			name = Debug;
		};
		02E2526124F66FAC00A9DB08 /* Release */ = {
			isa = XCBuildConfiguration;
			buildSettings = {
				ALWAYS_SEARCH_USER_PATHS = NO;
				CLANG_ANALYZER_NONNULL = YES;
				CLANG_ANALYZER_NUMBER_OBJECT_CONVERSION = YES_AGGRESSIVE;
				CLANG_CXX_LANGUAGE_STANDARD = "gnu++14";
				CLANG_CXX_LIBRARY = "libc++";
				CLANG_ENABLE_MODULES = YES;
				CLANG_ENABLE_OBJC_ARC = YES;
				CLANG_ENABLE_OBJC_WEAK = YES;
				CLANG_WARN_BLOCK_CAPTURE_AUTORELEASING = YES;
				CLANG_WARN_BOOL_CONVERSION = YES;
				CLANG_WARN_COMMA = YES;
				CLANG_WARN_CONSTANT_CONVERSION = YES;
				CLANG_WARN_DEPRECATED_OBJC_IMPLEMENTATIONS = YES;
				CLANG_WARN_DIRECT_OBJC_ISA_USAGE = YES_ERROR;
				CLANG_WARN_DOCUMENTATION_COMMENTS = YES;
				CLANG_WARN_EMPTY_BODY = YES;
				CLANG_WARN_ENUM_CONVERSION = YES;
				CLANG_WARN_INFINITE_RECURSION = YES;
				CLANG_WARN_INT_CONVERSION = YES;
				CLANG_WARN_NON_LITERAL_NULL_CONVERSION = YES;
				CLANG_WARN_OBJC_IMPLICIT_RETAIN_SELF = YES;
				CLANG_WARN_OBJC_LITERAL_CONVERSION = YES;
				CLANG_WARN_OBJC_ROOT_CLASS = YES_ERROR;
				CLANG_WARN_QUOTED_INCLUDE_IN_FRAMEWORK_HEADER = YES;
				CLANG_WARN_RANGE_LOOP_ANALYSIS = YES;
				CLANG_WARN_STRICT_PROTOTYPES = YES;
				CLANG_WARN_SUSPICIOUS_MOVE = YES;
				CLANG_WARN_UNGUARDED_AVAILABILITY = YES_AGGRESSIVE;
				CLANG_WARN_UNREACHABLE_CODE = YES;
				CLANG_WARN__DUPLICATE_METHOD_MATCH = YES;
				COPY_PHASE_STRIP = NO;
				DEBUG_INFORMATION_FORMAT = "dwarf-with-dsym";
				ENABLE_NS_ASSERTIONS = NO;
				ENABLE_STRICT_OBJC_MSGSEND = YES;
				GCC_C_LANGUAGE_STANDARD = gnu11;
				GCC_NO_COMMON_BLOCKS = YES;
				GCC_WARN_64_TO_32_BIT_CONVERSION = YES;
				GCC_WARN_ABOUT_RETURN_TYPE = YES_ERROR;
				GCC_WARN_UNDECLARED_SELECTOR = YES;
				GCC_WARN_UNINITIALIZED_AUTOS = YES_AGGRESSIVE;
				GCC_WARN_UNUSED_FUNCTION = YES;
				GCC_WARN_UNUSED_VARIABLE = YES;
				MTL_ENABLE_DEBUG_INFO = NO;
				MTL_FAST_MATH = YES;
				SWIFT_COMPILATION_MODE = wholemodule;
				SWIFT_OPTIMIZATION_LEVEL = "-O";
			};
			name = Release;
		};
		02E2526324F66FAC00A9DB08 /* Debug */ = {
			isa = XCBuildConfiguration;
			buildSettings = {
				ASSETCATALOG_COMPILER_APPICON_NAME = AppIcon;
				ASSETCATALOG_COMPILER_GLOBAL_ACCENT_COLOR_NAME = AccentColor;
				CODE_SIGN_STYLE = Automatic;
				DEVELOPMENT_TEAM = Q72KP3868R;
				ENABLE_PREVIEWS = YES;
				INFOPLIST_FILE = iOS/Info.plist;
				IPHONEOS_DEPLOYMENT_TARGET = 14.0;
				LD_RUNPATH_SEARCH_PATHS = (
					"$(inherited)",
					"@executable_path/Frameworks",
				);
				PRODUCT_BUNDLE_IDENTIFIER = "bf.SODA-Client";
				PRODUCT_NAME = "SODA Client";
				SDKROOT = iphoneos;
				SWIFT_VERSION = 5.0;
				TARGETED_DEVICE_FAMILY = "1,2";
			};
			name = Debug;
		};
		02E2526424F66FAC00A9DB08 /* Release */ = {
			isa = XCBuildConfiguration;
			buildSettings = {
				ASSETCATALOG_COMPILER_APPICON_NAME = AppIcon;
				ASSETCATALOG_COMPILER_GLOBAL_ACCENT_COLOR_NAME = AccentColor;
				CODE_SIGN_STYLE = Automatic;
				DEVELOPMENT_TEAM = Q72KP3868R;
				ENABLE_PREVIEWS = YES;
				INFOPLIST_FILE = iOS/Info.plist;
				IPHONEOS_DEPLOYMENT_TARGET = 14.0;
				LD_RUNPATH_SEARCH_PATHS = (
					"$(inherited)",
					"@executable_path/Frameworks",
				);
				PRODUCT_BUNDLE_IDENTIFIER = "bf.SODA-Client";
				PRODUCT_NAME = "SODA Client";
				SDKROOT = iphoneos;
				SWIFT_VERSION = 5.0;
				TARGETED_DEVICE_FAMILY = "1,2";
				VALIDATE_PRODUCT = YES;
			};
			name = Release;
		};
		02E2526624F66FAC00A9DB08 /* Debug */ = {
			isa = XCBuildConfiguration;
			buildSettings = {
				ASSETCATALOG_COMPILER_APPICON_NAME = AppIcon;
				ASSETCATALOG_COMPILER_GLOBAL_ACCENT_COLOR_NAME = AccentColor;
				CODE_SIGN_ENTITLEMENTS = macOS/macOS.entitlements;
				CODE_SIGN_STYLE = Automatic;
				COMBINE_HIDPI_IMAGES = YES;
				DEVELOPMENT_TEAM = Q72KP3868R;
				ENABLE_HARDENED_RUNTIME = YES;
				ENABLE_PREVIEWS = YES;
				INFOPLIST_FILE = macOS/Info.plist;
				LD_RUNPATH_SEARCH_PATHS = (
					"$(inherited)",
					"@executable_path/../Frameworks",
				);
				MACOSX_DEPLOYMENT_TARGET = 11.0;
				PRODUCT_BUNDLE_IDENTIFIER = "bf.SODA-Client";
				PRODUCT_NAME = "SODA Client";
				SDKROOT = macosx;
				SWIFT_VERSION = 5.0;
			};
			name = Debug;
		};
		02E2526724F66FAC00A9DB08 /* Release */ = {
			isa = XCBuildConfiguration;
			buildSettings = {
				ASSETCATALOG_COMPILER_APPICON_NAME = AppIcon;
				ASSETCATALOG_COMPILER_GLOBAL_ACCENT_COLOR_NAME = AccentColor;
				CODE_SIGN_ENTITLEMENTS = macOS/macOS.entitlements;
				CODE_SIGN_STYLE = Automatic;
				COMBINE_HIDPI_IMAGES = YES;
				DEVELOPMENT_TEAM = Q72KP3868R;
				ENABLE_HARDENED_RUNTIME = YES;
				ENABLE_PREVIEWS = YES;
				INFOPLIST_FILE = macOS/Info.plist;
				LD_RUNPATH_SEARCH_PATHS = (
					"$(inherited)",
					"@executable_path/../Frameworks",
				);
				MACOSX_DEPLOYMENT_TARGET = 11.0;
				PRODUCT_BUNDLE_IDENTIFIER = "bf.SODA-Client";
				PRODUCT_NAME = "SODA Client";
				SDKROOT = macosx;
				SWIFT_VERSION = 5.0;
			};
			name = Release;
		};
/* End XCBuildConfiguration section */

/* Begin XCConfigurationList section */
		02E2524524F66FA700A9DB08 /* Build configuration list for PBXProject "SODA Client" */ = {
			isa = XCConfigurationList;
			buildConfigurations = (
				02E2526024F66FAC00A9DB08 /* Debug */,
				02E2526124F66FAC00A9DB08 /* Release */,
			);
			defaultConfigurationIsVisible = 0;
			defaultConfigurationName = Release;
		};
		02E2526224F66FAC00A9DB08 /* Build configuration list for PBXNativeTarget "SODA Client (iOS)" */ = {
			isa = XCConfigurationList;
			buildConfigurations = (
				02E2526324F66FAC00A9DB08 /* Debug */,
				02E2526424F66FAC00A9DB08 /* Release */,
			);
			defaultConfigurationIsVisible = 0;
			defaultConfigurationName = Release;
		};
		02E2526524F66FAC00A9DB08 /* Build configuration list for PBXNativeTarget "SODA Client (macOS)" */ = {
			isa = XCConfigurationList;
			buildConfigurations = (
				02E2526624F66FAC00A9DB08 /* Debug */,
				02E2526724F66FAC00A9DB08 /* Release */,
			);
			defaultConfigurationIsVisible = 0;
			defaultConfigurationName = Release;
		};
/* End XCConfigurationList section */
	};
	rootObject = 02E2524224F66FA700A9DB08 /* Project object */;
}
